
Microsoft Visual Studio Solution File, Format Version 12.00
# Visual Studio 15
VisualStudioVersion = 15.0.27130.2024
MinimumVisualStudioVersion = 10.0.40219.1
Project("{9A19103F-16F7-4668-BE54-9A1E7A4F7556}") = "Tinyfx", "Tinyfx\Tinyfx.csproj", "{3BAA0BF5-17CA-45A4-9527-31AF856E51EA}"
EndProject
Project("{FAE04EC0-301F-11D3-BF4B-00C04F79EFBC}") = "Tiny.WebApplication", "Tiny.WebApplication\Tiny.WebApplication.csproj", "{C80D3EBE-DFA7-4136-BEF5-730D34F9B153}"
EndProject
Project("{9A19103F-16F7-4668-BE54-9A1E7A4F7556}") = "Tiny.Kestrel", "Tiny.Kestrel\Tiny.Kestrel.csproj", "{7190A731-BAB4-4CF1-89FA-FBDAC8CB5205}"
EndProject
Project("{FAE04EC0-301F-11D3-BF4B-00C04F79EFBC}") = "Tiny.ConsoleApplication", "Tiny.ConsoleApplication\Tiny.ConsoleApplication.csproj", "{95B6B1DE-2A7B-4BBA-B2DE-FFA3CE9F9ACB}"
EndProject
Global
	GlobalSection(SolutionConfigurationPlatforms) = preSolution
		Debug|Any CPU = Debug|Any CPU
		Release|Any CPU = Release|Any CPU
	EndGlobalSection
	GlobalSection(ProjectConfigurationPlatforms) = postSolution
		{3BAA0BF5-17CA-45A4-9527-31AF856E51EA}.Debug|Any CPU.ActiveCfg = Debug|Any CPU
		{3BAA0BF5-17CA-45A4-9527-31AF856E51EA}.Debug|Any CPU.Build.0 = Debug|Any CPU
		{3BAA0BF5-17CA-45A4-9527-31AF856E51EA}.Release|Any CPU.ActiveCfg = Release|Any CPU
		{3BAA0BF5-17CA-45A4-9527-31AF856E51EA}.Release|Any CPU.Build.0 = Release|Any CPU
		{C80D3EBE-DFA7-4136-BEF5-730D34F9B153}.Debug|Any CPU.ActiveCfg = Debug|Any CPU
		{C80D3EBE-DFA7-4136-BEF5-730D34F9B153}.Debug|Any CPU.Build.0 = Debug|Any CPU
		{C80D3EBE-DFA7-4136-BEF5-730D34F9B153}.Release|Any CPU.ActiveCfg = Release|Any CPU
		{C80D3EBE-DFA7-4136-BEF5-730D34F9B153}.Release|Any CPU.Build.0 = Release|Any CPU
		{7190A731-BAB4-4CF1-89FA-FBDAC8CB5205}.Debug|Any CPU.ActiveCfg = Debug|Any CPU
		{7190A731-BAB4-4CF1-89FA-FBDAC8CB5205}.Debug|Any CPU.Build.0 = Debug|Any CPU
		{7190A731-BAB4-4CF1-89FA-FBDAC8CB5205}.Release|Any CPU.ActiveCfg = Release|Any CPU
		{7190A731-BAB4-4CF1-89FA-FBDAC8CB5205}.Release|Any CPU.Build.0 = Release|Any CPU
		{95B6B1DE-2A7B-4BBA-B2DE-FFA3CE9F9ACB}.Debug|Any CPU.ActiveCfg = Debug|Any CPU
		{95B6B1DE-2A7B-4BBA-B2DE-FFA3CE9F9ACB}.Debug|Any CPU.Build.0 = Debug|Any CPU
		{95B6B1DE-2A7B-4BBA-B2DE-FFA3CE9F9ACB}.Release|Any CPU.ActiveCfg = Release|Any CPU
		{95B6B1DE-2A7B-4BBA-B2DE-FFA3CE9F9ACB}.Release|Any CPU.Build.0 = Release|Any CPU
	EndGlobalSection
	GlobalSection(SolutionProperties) = preSolution
		HideSolutionNode = FALSE
	EndGlobalSection
	GlobalSection(ExtensibilityGlobals) = postSolution
		SolutionGuid = {3A56265D-3B77-4818-9C1C-77BAD60EACDC}
	EndGlobalSection
EndGlobal
